
Microsoft Visual Studio Solution File, Format Version 12.00
# Visual Studio Version 17
VisualStudioVersion = 17.5.33516.290
MinimumVisualStudioVersion = 10.0.40219.1
Project("{FAE04EC0-301F-11D3-BF4B-00C04F79EFBC}") = "ModeloParcial1-2", "ModeloParcial1-2\ModeloParcial1-2.csproj", "{49247F00-6AFF-45D2-B543-7671CBB7AE7E}"
EndProject
Project("{FAE04EC0-301F-11D3-BF4B-00C04F79EFBC}") = "FrmTorneo", "FrmTorneo\FrmTorneo.csproj", "{671E25EB-85ED-4BF5-A5A2-5D7591DA6BE3}"
EndProject
Global
	GlobalSection(SolutionConfigurationPlatforms) = preSolution
		Debug|Any CPU = Debug|Any CPU
		Release|Any CPU = Release|Any CPU
	EndGlobalSection
	GlobalSection(ProjectConfigurationPlatforms) = postSolution
		{49247F00-6AFF-45D2-B543-7671CBB7AE7E}.Debug|Any CPU.ActiveCfg = Debug|Any CPU
		{49247F00-6AFF-45D2-B543-7671CBB7AE7E}.Debug|Any CPU.Build.0 = Debug|Any CPU
		{49247F00-6AFF-45D2-B543-7671CBB7AE7E}.Release|Any CPU.ActiveCfg = Release|Any CPU
		{49247F00-6AFF-45D2-B543-7671CBB7AE7E}.Release|Any CPU.Build.0 = Release|Any CPU
		{671E25EB-85ED-4BF5-A5A2-5D7591DA6BE3}.Debug|Any CPU.ActiveCfg = Debug|Any CPU
		{671E25EB-85ED-4BF5-A5A2-5D7591DA6BE3}.Debug|Any CPU.Build.0 = Debug|Any CPU
		{671E25EB-85ED-4BF5-A5A2-5D7591DA6BE3}.Release|Any CPU.ActiveCfg = Release|Any CPU
		{671E25EB-85ED-4BF5-A5A2-5D7591DA6BE3}.Release|Any CPU.Build.0 = Release|Any CPU
	EndGlobalSection
	GlobalSection(SolutionProperties) = preSolution
		HideSolutionNode = FALSE
	EndGlobalSection
	GlobalSection(ExtensibilityGlobals) = postSolution
		SolutionGuid = {DBB76E78-6E71-49B1-97C6-BCFDB12418BF}
	EndGlobalSection
EndGlobal
