
Microsoft Visual Studio Solution File, Format Version 12.00
# Visual Studio Version 17
VisualStudioVersion = 17.5.33516.290
MinimumVisualStudioVersion = 10.0.40219.1
Project("{FAE04EC0-301F-11D3-BF4B-00C04F79EFBC}") = "Clase02", "Clase02\Clase02.csproj", "{9F2BD248-5AE4-411A-8F83-3570C2F7AB19}"
EndProject
Project("{FAE04EC0-301F-11D3-BF4B-00C04F79EFBC}") = "Entidades", "Entidades\Entidades.csproj", "{7A9AE54B-56C3-4F17-843B-9001956D364D}"
EndProject
Global
	GlobalSection(SolutionConfigurationPlatforms) = preSolution
		Debug|Any CPU = Debug|Any CPU
		Release|Any CPU = Release|Any CPU
	EndGlobalSection
	GlobalSection(ProjectConfigurationPlatforms) = postSolution
		{9F2BD248-5AE4-411A-8F83-3570C2F7AB19}.Debug|Any CPU.ActiveCfg = Debug|Any CPU
		{9F2BD248-5AE4-411A-8F83-3570C2F7AB19}.Debug|Any CPU.Build.0 = Debug|Any CPU
		{9F2BD248-5AE4-411A-8F83-3570C2F7AB19}.Release|Any CPU.ActiveCfg = Release|Any CPU
		{9F2BD248-5AE4-411A-8F83-3570C2F7AB19}.Release|Any CPU.Build.0 = Release|Any CPU
		{7A9AE54B-56C3-4F17-843B-9001956D364D}.Debug|Any CPU.ActiveCfg = Debug|Any CPU
		{7A9AE54B-56C3-4F17-843B-9001956D364D}.Debug|Any CPU.Build.0 = Debug|Any CPU
		{7A9AE54B-56C3-4F17-843B-9001956D364D}.Release|Any CPU.ActiveCfg = Release|Any CPU
		{7A9AE54B-56C3-4F17-843B-9001956D364D}.Release|Any CPU.Build.0 = Release|Any CPU
	EndGlobalSection
	GlobalSection(SolutionProperties) = preSolution
		HideSolutionNode = FALSE
	EndGlobalSection
	GlobalSection(ExtensibilityGlobals) = postSolution
		SolutionGuid = {A7B195E1-9E6C-476A-9E43-AC6CD99F1FCD}
	EndGlobalSection
EndGlobal
