
Microsoft Visual Studio Solution File, Format Version 12.00
# Visual Studio Version 17
VisualStudioVersion = 17.5.33516.290
MinimumVisualStudioVersion = 10.0.40219.1
Project("{FAE04EC0-301F-11D3-BF4B-00C04F79EFBC}") = "Clase17", "Clase17\Clase17.csproj", "{F3AADE1A-0407-4744-91E1-CDC2563BDDB9}"
EndProject
Project("{FAE04EC0-301F-11D3-BF4B-00C04F79EFBC}") = "FrmView", "FrmView\FrmView.csproj", "{912B7423-2BFA-4F74-8F5F-C167C611DC7B}"
EndProject
Global
	GlobalSection(SolutionConfigurationPlatforms) = preSolution
		Debug|Any CPU = Debug|Any CPU
		Release|Any CPU = Release|Any CPU
	EndGlobalSection
	GlobalSection(ProjectConfigurationPlatforms) = postSolution
		{F3AADE1A-0407-4744-91E1-CDC2563BDDB9}.Debug|Any CPU.ActiveCfg = Debug|Any CPU
		{F3AADE1A-0407-4744-91E1-CDC2563BDDB9}.Debug|Any CPU.Build.0 = Debug|Any CPU
		{F3AADE1A-0407-4744-91E1-CDC2563BDDB9}.Release|Any CPU.ActiveCfg = Release|Any CPU
		{F3AADE1A-0407-4744-91E1-CDC2563BDDB9}.Release|Any CPU.Build.0 = Release|Any CPU
		{912B7423-2BFA-4F74-8F5F-C167C611DC7B}.Debug|Any CPU.ActiveCfg = Debug|Any CPU
		{912B7423-2BFA-4F74-8F5F-C167C611DC7B}.Debug|Any CPU.Build.0 = Debug|Any CPU
		{912B7423-2BFA-4F74-8F5F-C167C611DC7B}.Release|Any CPU.ActiveCfg = Release|Any CPU
		{912B7423-2BFA-4F74-8F5F-C167C611DC7B}.Release|Any CPU.Build.0 = Release|Any CPU
	EndGlobalSection
	GlobalSection(SolutionProperties) = preSolution
		HideSolutionNode = FALSE
	EndGlobalSection
	GlobalSection(ExtensibilityGlobals) = postSolution
		SolutionGuid = {82550B20-61F4-409D-A49E-627E814651F8}
	EndGlobalSection
EndGlobal
